# THIS IS AN AUTOGENERATED FILE. DO NOT EDIT THIS FILE DIRECTLY.
# yarn lockfile v1


ajv@^4.11.2:
  version "4.11.3"
  resolved "https://registry.yarnpkg.com/ajv/-/ajv-4.11.3.tgz#ce30bdb90d1254f762c75af915fb3a63e7183d22"
  dependencies:
    co "^4.6.0"
    json-stable-stringify "^1.0.1"

ansi-regex@^2.0.0:
  version "2.1.1"
  resolved "https://registry.yarnpkg.com/ansi-regex/-/ansi-regex-2.1.1.tgz#c3b33ab5ee360d86e0e628f0468ae7ef27d654df"

ansi-styles@^2.2.1:
  version "2.2.1"
  resolved "https://registry.yarnpkg.com/ansi-styles/-/ansi-styles-2.2.1.tgz#b432dd3358b634cf75e1e4664368240533c1ddbe"

asap@~2.0.3:
  version "2.0.5"
  resolved "https://registry.yarnpkg.com/asap/-/asap-2.0.5.tgz#522765b50c3510490e52d7dcfe085ef9ba96958f"

async@^2.1.2:
  version "2.1.5"
  resolved "https://registry.yarnpkg.com/async/-/async-2.1.5.tgz#e587c68580994ac67fc56ff86d3ac56bdbe810bc"
  dependencies:
    lodash "^4.14.0"

autoprefixer@^6.7.7:
  version "6.7.7"
  resolved "https://registry.yarnpkg.com/autoprefixer/-/autoprefixer-6.7.7.tgz#1dbd1c835658e35ce3f9984099db00585c782014"
  dependencies:
    browserslist "^1.7.6"
    caniuse-db "^1.0.30000634"
    normalize-range "^0.1.2"
    num2fraction "^1.2.2"
    postcss "^5.2.16"
    postcss-value-parser "^3.2.3"

big.js@^3.1.3:
  version "3.1.3"
  resolved "https://registry.yarnpkg.com/big.js/-/big.js-3.1.3.tgz#4cada2193652eb3ca9ec8e55c9015669c9806978"

browserslist@^1.7.6:
  version "1.7.7"
  resolved "https://registry.yarnpkg.com/browserslist/-/browserslist-1.7.7.tgz#0bd76704258be829b2398bb50e4b62d1a166b0b9"
  dependencies:
    caniuse-db "^1.0.30000639"
    electron-to-chromium "^1.2.7"

caniuse-db@^1.0.30000634, caniuse-db@^1.0.30000639:
  version "1.0.30000664"
  resolved "https://registry.yarnpkg.com/caniuse-db/-/caniuse-db-1.0.30000664.tgz#e16316e5fdabb9c7209b2bf0744ffc8a14201f22"

chalk@^1.1.3:
  version "1.1.3"
  resolved "https://registry.yarnpkg.com/chalk/-/chalk-1.1.3.tgz#a8115c55e4a702fe4d150abd3872822a7e09fc98"
  dependencies:
    ansi-styles "^2.2.1"
    escape-string-regexp "^1.0.2"
    has-ansi "^2.0.0"
    strip-ansi "^3.0.0"
    supports-color "^2.0.0"

co@^4.6.0:
  version "4.6.0"
  resolved "https://registry.yarnpkg.com/co/-/co-4.6.0.tgz#6ea6bdf3d853ae54ccb8e47bfa0bf3f9031fb184"

core-js@^1.0.0:
  version "1.2.7"
  resolved "https://registry.yarnpkg.com/core-js/-/core-js-1.2.7.tgz#652294c14651db28fa93bd2d5ff2983a4f08c636"

electron-to-chromium@^1.2.7:
  version "1.3.8"
  resolved "https://registry.yarnpkg.com/electron-to-chromium/-/electron-to-chromium-1.3.8.tgz#b2c8a2c79bb89fbbfd3724d9555e15095b5f5fb6"

emojis-list@^2.0.0:
  version "2.1.0"
  resolved "https://registry.yarnpkg.com/emojis-list/-/emojis-list-2.1.0.tgz#4daa4d9db00f9819880c79fa457ae5b09a1fd389"

encoding@^0.1.11:
  version "0.1.12"
  resolved "https://registry.yarnpkg.com/encoding/-/encoding-0.1.12.tgz#538b66f3ee62cd1ab51ec323829d1f9480c74beb"
  dependencies:
    iconv-lite "~0.4.13"

escape-string-regexp@^1.0.2:
  version "1.0.5"
  resolved "https://registry.yarnpkg.com/escape-string-regexp/-/escape-string-regexp-1.0.5.tgz#1b61c0562190a8dff6ae3bb2cf0200ca130b86d4"

extract-text-webpack-plugin@^2.1.0:
  version "2.1.0"
  resolved "https://registry.yarnpkg.com/extract-text-webpack-plugin/-/extract-text-webpack-plugin-2.1.0.tgz#69315b885f876dbf96d3819f6a9f1cca7aebf159"
  dependencies:
    ajv "^4.11.2"
    async "^2.1.2"
    loader-utils "^1.0.2"
    webpack-sources "^0.1.0"

fbjs@^0.8.9:
  version "0.8.12"
  resolved "https://registry.yarnpkg.com/fbjs/-/fbjs-0.8.12.tgz#10b5d92f76d45575fd63a217d4ea02bea2f8ed04"
  dependencies:
    core-js "^1.0.0"
    isomorphic-fetch "^2.1.1"
    loose-envify "^1.0.0"
    object-assign "^4.1.0"
    promise "^7.1.1"
    setimmediate "^1.0.5"
    ua-parser-js "^0.7.9"

has-ansi@^2.0.0:
  version "2.0.0"
  resolved "https://registry.yarnpkg.com/has-ansi/-/has-ansi-2.0.0.tgz#34f5049ce1ecdf2b0649af3ef24e45ed35416d91"
  dependencies:
    ansi-regex "^2.0.0"

has-flag@^1.0.0:
  version "1.0.0"
  resolved "https://registry.yarnpkg.com/has-flag/-/has-flag-1.0.0.tgz#9d9e793165ce017a00f00418c43f942a7b1d11fa"

iconv-lite@~0.4.13:
  version "0.4.15"
  resolved "https://registry.yarnpkg.com/iconv-lite/-/iconv-lite-0.4.15.tgz#fe265a218ac6a57cfe854927e9d04c19825eddeb"

is-stream@^1.0.1:
  version "1.1.0"
  resolved "https://registry.yarnpkg.com/is-stream/-/is-stream-1.1.0.tgz#12d4a3dd4e68e0b79ceb8dbc84173ae80d91ca44"

isomorphic-fetch@^2.1.1:
  version "2.2.1"
  resolved "https://registry.yarnpkg.com/isomorphic-fetch/-/isomorphic-fetch-2.2.1.tgz#611ae1acf14f5e81f729507472819fe9733558a9"
  dependencies:
    node-fetch "^1.0.1"
    whatwg-fetch ">=0.10.0"

js-base64@^2.1.9:
  version "2.1.9"
  resolved "https://registry.yarnpkg.com/js-base64/-/js-base64-2.1.9.tgz#f0e80ae039a4bd654b5f281fc93f04a914a7fcce"

js-tokens@^3.0.0:
  version "3.0.1"
  resolved "https://registry.yarnpkg.com/js-tokens/-/js-tokens-3.0.1.tgz#08e9f132484a2c45a30907e9dc4d5567b7f114d7"

json-stable-stringify@^1.0.1:
  version "1.0.1"
  resolved "https://registry.yarnpkg.com/json-stable-stringify/-/json-stable-stringify-1.0.1.tgz#9a759d39c5f2ff503fd5300646ed445f88c4f9af"
  dependencies:
    jsonify "~0.0.0"

json5@^0.5.0:
  version "0.5.1"
  resolved "https://registry.yarnpkg.com/json5/-/json5-0.5.1.tgz#1eade7acc012034ad84e2396767ead9fa5495821"

jsonify@~0.0.0:
  version "0.0.0"
  resolved "https://registry.yarnpkg.com/jsonify/-/jsonify-0.0.0.tgz#2c74b6ee41d93ca51b7b5aaee8f503631d252a73"

loader-utils@^1.0.2:
  version "1.0.2"
  resolved "https://registry.yarnpkg.com/loader-utils/-/loader-utils-1.0.2.tgz#a9f923c865a974623391a8602d031137fad74830"
  dependencies:
    big.js "^3.1.3"
    emojis-list "^2.0.0"
    json5 "^0.5.0"

lodash@^4.14.0:
  version "4.17.4"
  resolved "https://registry.yarnpkg.com/lodash/-/lodash-4.17.4.tgz#78203a4d1c328ae1d86dca6460e369b57f4055ae"

loose-envify@^1.0.0, loose-envify@^1.1.0:
  version "1.3.1"
  resolved "https://registry.yarnpkg.com/loose-envify/-/loose-envify-1.3.1.tgz#d1a8ad33fa9ce0e713d65fdd0ac8b748d478c848"
  dependencies:
    js-tokens "^3.0.0"

node-fetch@^1.0.1:
  version "1.6.3"
  resolved "https://registry.yarnpkg.com/node-fetch/-/node-fetch-1.6.3.tgz#dc234edd6489982d58e8f0db4f695029abcd8c04"
  dependencies:
    encoding "^0.1.11"
    is-stream "^1.0.1"

normalize-range@^0.1.2:
  version "0.1.2"
  resolved "https://registry.yarnpkg.com/normalize-range/-/normalize-range-0.1.2.tgz#2d10c06bdfd312ea9777695a4d28439456b75942"

num2fraction@^1.2.2:
  version "1.2.2"
  resolved "https://registry.yarnpkg.com/num2fraction/-/num2fraction-1.2.2.tgz#6f682b6a027a4e9ddfa4564cd2589d1d4e669ede"

object-assign@^4.1.0:
  version "4.1.1"
  resolved "https://registry.yarnpkg.com/object-assign/-/object-assign-4.1.1.tgz#2109adc7965887cfc05cbbd442cac8bfbb360863"

postcss-value-parser@^3.2.3:
  version "3.3.0"
  resolved "https://registry.yarnpkg.com/postcss-value-parser/-/postcss-value-parser-3.3.0.tgz#87f38f9f18f774a4ab4c8a232f5c5ce8872a9d15"

postcss@^5.2.16:
  version "5.2.17"
  resolved "https://registry.yarnpkg.com/postcss/-/postcss-5.2.17.tgz#cf4f597b864d65c8a492b2eabe9d706c879c388b"
  dependencies:
    chalk "^1.1.3"
    js-base64 "^2.1.9"
    source-map "^0.5.6"
    supports-color "^3.2.3"

promise@^7.1.1:
  version "7.1.1"
  resolved "https://registry.yarnpkg.com/promise/-/promise-7.1.1.tgz#489654c692616b8aa55b0724fa809bb7db49c5bf"
  dependencies:
    asap "~2.0.3"

prop-types@^15.5.7, prop-types@~15.5.7:
  version "15.5.8"
  resolved "https://registry.yarnpkg.com/prop-types/-/prop-types-15.5.8.tgz#6b7b2e141083be38c8595aa51fc55775c7199394"
  dependencies:
    fbjs "^0.8.9"

react-dom@^15.5.4:
  version "15.5.4"
  resolved "https://registry.yarnpkg.com/react-dom/-/react-dom-15.5.4.tgz#ba0c28786fd52ed7e4f2135fe0288d462aef93da"
  dependencies:
    fbjs "^0.8.9"
    loose-envify "^1.1.0"
    object-assign "^4.1.0"
    prop-types "~15.5.7"

react@^15.5.4:
  version "15.5.4"
  resolved "https://registry.yarnpkg.com/react/-/react-15.5.4.tgz#fa83eb01506ab237cdc1c8c3b1cea8de012bf047"
  dependencies:
    fbjs "^0.8.9"
    loose-envify "^1.1.0"
    object-assign "^4.1.0"
    prop-types "^15.5.7"

setimmediate@^1.0.5:
  version "1.0.5"
  resolved "https://registry.yarnpkg.com/setimmediate/-/setimmediate-1.0.5.tgz#290cbb232e306942d7d7ea9b83732ab7856f8285"

source-list-map@~0.1.7:
  version "0.1.8"
  resolved "https://registry.yarnpkg.com/source-list-map/-/source-list-map-0.1.8.tgz#c550b2ab5427f6b3f21f5afead88c4f5587b2106"

source-map@^0.5.6, source-map@~0.5.3:
  version "0.5.6"
  resolved "https://registry.yarnpkg.com/source-map/-/source-map-0.5.6.tgz#75ce38f52bf0733c5a7f0c118d81334a2bb5f412"

strip-ansi@^3.0.0:
  version "3.0.1"
  resolved "https://registry.yarnpkg.com/strip-ansi/-/strip-ansi-3.0.1.tgz#6a385fb8853d952d5ff05d0e8aaf94278dc63dcf"
  dependencies:
    ansi-regex "^2.0.0"

supports-color@^2.0.0:
  version "2.0.0"
  resolved "https://registry.yarnpkg.com/supports-color/-/supports-color-2.0.0.tgz#535d045ce6b6363fa40117084629995e9df324c7"

supports-color@^3.2.3:
  version "3.2.3"
  resolved "https://registry.yarnpkg.com/supports-color/-/supports-color-3.2.3.tgz#65ac0504b3954171d8a64946b2ae3cbb8a5f54f6"
  dependencies:
    has-flag "^1.0.0"

ua-parser-js@^0.7.9:
  version "0.7.12"
  resolved "https://registry.yarnpkg.com/ua-parser-js/-/ua-parser-js-0.7.12.tgz#04c81a99bdd5dc52263ea29d24c6bf8d4818a4bb"

webpack-sources@^0.1.0:
  version "0.1.4"
  resolved "https://registry.yarnpkg.com/webpack-sources/-/webpack-sources-0.1.4.tgz#ccc2c817e08e5fa393239412690bb481821393cd"
  dependencies:
    source-list-map "~0.1.7"
    source-map "~0.5.3"

whatwg-fetch@>=0.10.0:
  version "2.0.3"
  resolved "https://registry.yarnpkg.com/whatwg-fetch/-/whatwg-fetch-2.0.3.tgz#9c84ec2dcf68187ff00bc64e1274b442176e1c84"
